description: "Connection inspector: decision reason, a block override applied."
source: "Block override"
platforms:
  - linux
localizations:
  ar: "تجاوز حجب"
  cs: "Přepsání blokováním"
  de: "Block-Override"
  el: "Παράκαμψη αποκλεισμού"
  en: "Block override"
  es: "Anulación de bloqueo"
  es-MX: "Anulación de bloqueo"
  fr: "Remplacement de blocage"
  he: "עקיפת חסימה"
  hi: "ब्लॉक ओवरराइड"
  id: "Penggantian blokir"
  it: "Override di blocco"
  ja: "ブロックのオーバーライド"
  ko: "차단 재정의"
  nl: "Blokkeer-override"
  pl: "Nadpisanie blokady"
  pt: "Substituição de bloqueio"
  pt-BR: "Substituição de bloqueio"
  pt-PT: "Substituição de bloqueio"
  ru: "Переопределение блокировкой"
  sv: "Blockeringsåsidosättning"
  sw: "Ubatilishaji wa kuzuia"
  th: "การแทนที่ด้วยการบล็อก"
  uk: "Перевизначення блокуванням"
  vi: "Ghi đè chặn"
  zh: "阻断覆盖"
  zh-HK: "封鎖覆寫"
