description: "Used in Main/Account/BlockedLocations/BlockedLocationsView.swift."
source: "Select country to block"
platforms:
  - apple
localizations:
  ar: "حدد الدولة للحظر"
  cs: "Vyberte zemi k blokování"
  de: "Land zum Blockieren auswählen"
  el: "Επιλέξτε χώρα για αποκλεισμό"
  en: "Select country to block"
  es: "Selecciona el país para bloquear"
  es-419: "Selecciona el país para bloquear"
  es-MX: "Selecciona el país para bloquear"
  fr: "Sélectionnez le pays à bloquer"
  he: "בחר מדינה לחסימה"
  hi: "ब्लॉक करने के लिए देश चुनें"
  id: "Pilih negara untuk diblokir"
  it: "Seleziona il paese da bloccare"
  ja: "ブロックする国を選択"
  ko: "차단할 국가 선택"
  nl: "Selecteer land om te blokkeren"
  pl: "Wybierz kraj do zablokowania"
  pt: "Selecione o país para bloquear"
  pt-BR: "Selecione o país para bloquear"
  pt-PT: "Selecione o país para bloquear"
  ru: "Выберите страну для блокировки"
  sv: "Välj land att blockera"
  sw: "Chagua nchi ya kufunga"
  th: "เลือกประเทศที่จะบล็อก"
  uk: "Виберіть країну для блокування"
  vi: "Chọn quốc gia để chặn"
  zh: "选择要屏蔽的国家"
  zh-HK: "選擇要屏蔽的國家"
